{
  "name": "@pandada8/pi-axonhub",
  "version": "1.1.1",
  "lockfileVersion": 3,
  "requires": true,
  "packages": {
    "": {
      "name": "@pandada8/pi-axonhub",
      "version": "1.1.1",
      "license": "MIT",
      "devDependencies": {
        "@earendil-works/pi-ai": "file:../../badlogic/pi-mono/packages/ai",
        "@earendil-works/pi-coding-agent": "file:../../badlogic/pi-mono/packages/coding-agent",
        "@types/node": "^24.3.0",
        "typescript": "^5.9.3"
      },
      "peerDependencies": {
        "@earendil-works/pi-ai": "*",
        "@earendil-works/pi-coding-agent": "*"
      }
    },
    "../../badlogic/pi-mono/packages/ai": {
      "name": "@earendil-works/pi-ai",
      "version": "0.75.5",
      "dev": true,
      "license": "MIT",
      "dependencies": {
        "@anthropic-ai/sdk": "0.91.1",
        "@aws-sdk/client-bedrock-runtime": "3.1048.0",
        "@google/genai": "1.52.0",
        "@mistralai/mistralai": "2.2.1",
        "@smithy/node-http-handler": "4.7.3",
        "http-proxy-agent": "7.0.2",
        "https-proxy-agent": "7.0.6",
        "openai": "6.26.0",
        "partial-json": "0.1.7",
        "typebox": "1.1.38"
      },
      "bin": {
        "pi-ai": "dist/cli.js"
      },
      "devDependencies": {
        "@types/node": "24.12.4",
        "canvas": "3.2.3",
        "vitest": "3.2.4"
      },
      "engines": {
        "node": ">=22.19.0"
      }
    },
    "../../badlogic/pi-mono/packages/ai/node_modules/@types/node": {
      "version": "24.12.2",
      "dev": true,
      "license": "MIT",
      "dependencies": {
        "undici-types": "~7.16.0"
      }
    },
    "../../badlogic/pi-mono/packages/ai/node_modules/undici-types": {
      "version": "7.16.0",
      "dev": true,
      "license": "MIT"
    },
    "../../badlogic/pi-mono/packages/coding-agent": {
      "name": "@earendil-works/pi-coding-agent",
      "version": "0.75.5",
      "dev": true,
      "license": "MIT",
      "dependencies": {
        "@earendil-works/pi-agent-core": "^0.75.5",
        "@earendil-works/pi-ai": "^0.75.5",
        "@earendil-works/pi-tui": "^0.75.5",
        "@silvia-odwyer/photon-node": "0.3.4",
        "chalk": "5.6.2",
        "cross-spawn": "7.0.6",
        "diff": "8.0.4",
        "glob": "13.0.6",
        "highlight.js": "10.7.3",
        "hosted-git-info": "9.0.3",
        "ignore": "7.0.5",
        "jiti": "2.7.0",
        "minimatch": "10.2.5",
        "proper-lockfile": "4.1.2",
        "typebox": "1.1.38",
        "undici": "8.3.0",
        "yaml": "2.9.0"
      },
      "bin": {
        "pi": "dist/cli.js"
      },
      "devDependencies": {
        "@types/cross-spawn": "6.0.6",
        "@types/diff": "7.0.2",
        "@types/hosted-git-info": "3.0.5",
        "@types/ms": "2.1.0",
        "@types/node": "24.12.4",
        "@types/proper-lockfile": "4.1.4",
        "shx": "0.4.0",
        "typescript": "5.9.3",
        "vitest": "3.2.4"
      },
      "engines": {
        "node": ">=22.19.0"
      },
      "optionalDependencies": {
        "@mariozechner/clipboard": "0.3.6"
      }
    },
    "../../badlogic/pi-mono/packages/coding-agent/node_modules/@types/node": {
      "version": "24.12.2",
      "dev": true,
      "license": "MIT",
      "dependencies": {
        "undici-types": "~7.16.0"
      }
    },
    "../../badlogic/pi-mono/packages/coding-agent/node_modules/undici-types": {
      "version": "7.16.0",
      "dev": true,
      "license": "MIT"
    },
    "node_modules/@earendil-works/pi-ai": {
      "resolved": "../../badlogic/pi-mono/packages/ai",
      "link": true
    },
    "node_modules/@earendil-works/pi-coding-agent": {
      "resolved": "../../badlogic/pi-mono/packages/coding-agent",
      "link": true
    },
    "node_modules/@types/node": {
      "version": "24.12.2",
      "dev": true,
      "license": "MIT",
      "dependencies": {
        "undici-types": "~7.16.0"
      }
    },
    "node_modules/typescript": {
      "version": "5.9.3",
      "dev": true,
      "license": "Apache-2.0",
      "bin": {
        "tsc": "bin/tsc",
        "tsserver": "bin/tsserver"
      },
      "engines": {
        "node": ">=14.17"
      }
    },
    "node_modules/undici-types": {
      "version": "7.16.0",
      "dev": true,
      "license": "MIT"
    }
  }
}
